// !$*UTF8*$!
{
	archiveVersion = 1;
	classes = {
	};
	objectVersion = 55;
	objects = {

/* Begin PBXBuildFile section */
		A8342C43278CA48A0030644F /* TopMoviePreview.swift in Sources */ = {isa = PBXBuildFile; fileRef = A8342C42278CA48A0030644F /* TopMoviePreview.swift */; };
		A8342C45278E16B20030644F /* SmallVerticalButton.swift in Sources */ = {isa = PBXBuildFile; fileRef = A8342C44278E16B20030644F /* SmallVerticalButton.swift */; };
		A8342C47278E1D520030644F /* WhiteButton.swift in Sources */ = {isa = PBXBuildFile; fileRef = A8342C46278E1D520030644F /* WhiteButton.swift */; };
		A8D892D7278AFB2E0025C0D3 /* NetflixUdemyApp.swift in Sources */ = {isa = PBXBuildFile; fileRef = A8D892D6278AFB2E0025C0D3 /* NetflixUdemyApp.swift */; };
		A8D892D9278AFB2E0025C0D3 /* ContentView.swift in Sources */ = {isa = PBXBuildFile; fileRef = A8D892D8278AFB2E0025C0D3 /* ContentView.swift */; };
		A8D892DB278AFB300025C0D3 /* Assets.xcassets in Resources */ = {isa = PBXBuildFile; fileRef = A8D892DA278AFB300025C0D3 /* Assets.xcassets */; };
		A8D892DE278AFB300025C0D3 /* Preview Assets.xcassets in Resources */ = {isa = PBXBuildFile; fileRef = A8D892DD278AFB300025C0D3 /* Preview Assets.xcassets */; };
		A8D892E6278AFC230025C0D3 /* Kingfisher in Frameworks */ = {isa = PBXBuildFile; productRef = A8D892E5278AFC230025C0D3 /* Kingfisher */; };
		A8D892E8278B02E70025C0D3 /* HomeView.swift in Sources */ = {isa = PBXBuildFile; fileRef = A8D892E7278B02E70025C0D3 /* HomeView.swift */; };
		A8D892EA278B04190025C0D3 /* Movie.swift in Sources */ = {isa = PBXBuildFile; fileRef = A8D892E9278B04190025C0D3 /* Movie.swift */; };
		A8D892EC278B04900025C0D3 /* StandardHomeMovie.swift in Sources */ = {isa = PBXBuildFile; fileRef = A8D892EB278B048F0025C0D3 /* StandardHomeMovie.swift */; };
		A8D892EE278B04DD0025C0D3 /* GlobalHelpers.swift in Sources */ = {isa = PBXBuildFile; fileRef = A8D892ED278B04DD0025C0D3 /* GlobalHelpers.swift */; };
		A8D892F0278B07C80025C0D3 /* HomeVM.swift in Sources */ = {isa = PBXBuildFile; fileRef = A8D892EF278B07C80025C0D3 /* HomeVM.swift */; };
/* End PBXBuildFile section */

/* Begin PBXFileReference section */
		A8342C42278CA48A0030644F /* TopMoviePreview.swift */ = {isa = PBXFileReference; lastKnownFileType = sourcecode.swift; path = TopMoviePreview.swift; sourceTree = "<group>"; };
		A8342C44278E16B20030644F /* SmallVerticalButton.swift */ = {isa = PBXFileReference; lastKnownFileType = sourcecode.swift; path = SmallVerticalButton.swift; sourceTree = "<group>"; };
		A8342C46278E1D520030644F /* WhiteButton.swift */ = {isa = PBXFileReference; lastKnownFileType = sourcecode.swift; path = WhiteButton.swift; sourceTree = "<group>"; };
		A8D892D3278AFB2E0025C0D3 /* NetflixUdemy.app */ = {isa = PBXFileReference; explicitFileType = wrapper.application; includeInIndex = 0; path = NetflixUdemy.app; sourceTree = BUILT_PRODUCTS_DIR; };
		A8D892D6278AFB2E0025C0D3 /* NetflixUdemyApp.swift */ = {isa = PBXFileReference; lastKnownFileType = sourcecode.swift; path = NetflixUdemyApp.swift; sourceTree = "<group>"; };
		A8D892D8278AFB2E0025C0D3 /* ContentView.swift */ = {isa = PBXFileReference; lastKnownFileType = sourcecode.swift; path = ContentView.swift; sourceTree = "<group>"; };
		A8D892DA278AFB300025C0D3 /* Assets.xcassets */ = {isa = PBXFileReference; lastKnownFileType = folder.assetcatalog; path = Assets.xcassets; sourceTree = "<group>"; };
		A8D892DD278AFB300025C0D3 /* Preview Assets.xcassets */ = {isa = PBXFileReference; lastKnownFileType = folder.assetcatalog; path = "Preview Assets.xcassets"; sourceTree = "<group>"; };
		A8D892E7278B02E70025C0D3 /* HomeView.swift */ = {isa = PBXFileReference; lastKnownFileType = sourcecode.swift; path = HomeView.swift; sourceTree = "<group>"; };
		A8D892E9278B04190025C0D3 /* Movie.swift */ = {isa = PBXFileReference; lastKnownFileType = sourcecode.swift; path = Movie.swift; sourceTree = "<group>"; };
		A8D892EB278B048F0025C0D3 /* StandardHomeMovie.swift */ = {isa = PBXFileReference; lastKnownFileType = sourcecode.swift; path = StandardHomeMovie.swift; sourceTree = "<group>"; };
		A8D892ED278B04DD0025C0D3 /* GlobalHelpers.swift */ = {isa = PBXFileReference; lastKnownFileType = sourcecode.swift; path = GlobalHelpers.swift; sourceTree = "<group>"; };
		A8D892EF278B07C80025C0D3 /* HomeVM.swift */ = {isa = PBXFileReference; lastKnownFileType = sourcecode.swift; path = HomeVM.swift; sourceTree = "<group>"; };
/* End PBXFileReference section */

/* Begin PBXFrameworksBuildPhase section */
		A8D892D0278AFB2E0025C0D3 /* Frameworks */ = {
			isa = PBXFrameworksBuildPhase;
			buildActionMask = 2147483647;
			files = (
				A8D892E6278AFC230025C0D3 /* Kingfisher in Frameworks */,
			);
			runOnlyForDeploymentPostprocessing = 0;
		};
/* End PBXFrameworksBuildPhase section */

/* Begin PBXGroup section */
		A8D892CA278AFB2E0025C0D3 = {
			isa = PBXGroup;
			children = (
				A8D892D5278AFB2E0025C0D3 /* NetflixUdemy */,
				A8D892D4278AFB2E0025C0D3 /* Products */,
			);
			sourceTree = "<group>";
		};
		A8D892D4278AFB2E0025C0D3 /* Products */ = {
			isa = PBXGroup;
			children = (
				A8D892D3278AFB2E0025C0D3 /* NetflixUdemy.app */,
			);
			name = Products;
			sourceTree = "<group>";
		};
		A8D892D5278AFB2E0025C0D3 /* NetflixUdemy */ = {
			isa = PBXGroup;
			children = (
				A8D892D6278AFB2E0025C0D3 /* NetflixUdemyApp.swift */,
				A8D892D8278AFB2E0025C0D3 /* ContentView.swift */,
				A8D892E7278B02E70025C0D3 /* HomeView.swift */,
				A8D892EF278B07C80025C0D3 /* HomeVM.swift */,
				A8D892EB278B048F0025C0D3 /* StandardHomeMovie.swift */,
				A8342C42278CA48A0030644F /* TopMoviePreview.swift */,
				A8342C44278E16B20030644F /* SmallVerticalButton.swift */,
				A8342C46278E1D520030644F /* WhiteButton.swift */,
				A8D892ED278B04DD0025C0D3 /* GlobalHelpers.swift */,
				A8D892E9278B04190025C0D3 /* Movie.swift */,
				A8D892DA278AFB300025C0D3 /* Assets.xcassets */,
				A8D892DC278AFB300025C0D3 /* Preview Content */,
			);
			path = NetflixUdemy;
			sourceTree = "<group>";
		};
		A8D892DC278AFB300025C0D3 /* Preview Content */ = {
			isa = PBXGroup;
			children = (
				A8D892DD278AFB300025C0D3 /* Preview Assets.xcassets */,
			);
			path = "Preview Content";
			sourceTree = "<group>";
		};
/* End PBXGroup section */

/* Begin PBXNativeTarget section */
		A8D892D2278AFB2E0025C0D3 /* NetflixUdemy */ = {
			isa = PBXNativeTarget;
			buildConfigurationList = A8D892E1278AFB300025C0D3 /* Build configuration list for PBXNativeTarget "NetflixUdemy" */;
			buildPhases = (
				A8D892CF278AFB2E0025C0D3 /* Sources */,
				A8D892D0278AFB2E0025C0D3 /* Frameworks */,
				A8D892D1278AFB2E0025C0D3 /* Resources */,
			);
			buildRules = (
			);
			dependencies = (
			);
			name = NetflixUdemy;
			packageProductDependencies = (
				A8D892E5278AFC230025C0D3 /* Kingfisher */,
			);
			productName = NetflixUdemy;
			productReference = A8D892D3278AFB2E0025C0D3 /* NetflixUdemy.app */;
			productType = "com.apple.product-type.application";
		};
/* End PBXNativeTarget section */

/* Begin PBXProject section */
		A8D892CB278AFB2E0025C0D3 /* Project object */ = {
			isa = PBXProject;
			attributes = {
				BuildIndependentTargetsInParallel = 1;
				LastSwiftUpdateCheck = 1320;
				LastUpgradeCheck = 1320;
				TargetAttributes = {
					A8D892D2278AFB2E0025C0D3 = {
						CreatedOnToolsVersion = 13.2.1;
					};
				};
			};
			buildConfigurationList = A8D892CE278AFB2E0025C0D3 /* Build configuration list for PBXProject "NetflixUdemy" */;
			compatibilityVersion = "Xcode 13.0";
			developmentRegion = en;
			hasScannedForEncodings = 0;
			knownRegions = (
				en,
				Base,
			);
			mainGroup = A8D892CA278AFB2E0025C0D3;
			packageReferences = (
				A8D892E4278AFC230025C0D3 /* XCRemoteSwiftPackageReference "Kingfisher" */,
			);
			productRefGroup = A8D892D4278AFB2E0025C0D3 /* Products */;
			projectDirPath = "";
			projectRoot = "";
			targets = (
				A8D892D2278AFB2E0025C0D3 /* NetflixUdemy */,
			);
		};
/* End PBXProject section */

/* Begin PBXResourcesBuildPhase section */
		A8D892D1278AFB2E0025C0D3 /* Resources */ = {
			isa = PBXResourcesBuildPhase;
			buildActionMask = 2147483647;
			files = (
				A8D892DE278AFB300025C0D3 /* Preview Assets.xcassets in Resources */,
				A8D892DB278AFB300025C0D3 /* Assets.xcassets in Resources */,
			);
			runOnlyForDeploymentPostprocessing = 0;
		};
/* End PBXResourcesBuildPhase section */

/* Begin PBXSourcesBuildPhase section */
		A8D892CF278AFB2E0025C0D3 /* Sources */ = {
			isa = PBXSourcesBuildPhase;
			buildActionMask = 2147483647;
			files = (
				A8D892EE278B04DD0025C0D3 /* GlobalHelpers.swift in Sources */,
				A8D892E8278B02E70025C0D3 /* HomeView.swift in Sources */,
				A8342C47278E1D520030644F /* WhiteButton.swift in Sources */,
				A8D892F0278B07C80025C0D3 /* HomeVM.swift in Sources */,
				A8D892D9278AFB2E0025C0D3 /* ContentView.swift in Sources */,
				A8D892EC278B04900025C0D3 /* StandardHomeMovie.swift in Sources */,
				A8342C43278CA48A0030644F /* TopMoviePreview.swift in Sources */,
				A8D892EA278B04190025C0D3 /* Movie.swift in Sources */,
				A8D892D7278AFB2E0025C0D3 /* NetflixUdemyApp.swift in Sources */,
				A8342C45278E16B20030644F /* SmallVerticalButton.swift in Sources */,
			);
			runOnlyForDeploymentPostprocessing = 0;
		};
/* End PBXSourcesBuildPhase section */

/* Begin XCBuildConfiguration section */
		A8D892DF278AFB300025C0D3 /* Debug */ = {
			isa = XCBuildConfiguration;
			buildSettings = {
				ALWAYS_SEARCH_USER_PATHS = NO;
				CLANG_ANALYZER_NONNULL = YES;
				CLANG_ANALYZER_NUMBER_OBJECT_CONVERSION = YES_AGGRESSIVE;
				CLANG_CXX_LANGUAGE_STANDARD = "gnu++17";
				CLANG_CXX_LIBRARY = "libc++";
				CLANG_ENABLE_MODULES = YES;
				CLANG_ENABLE_OBJC_ARC = YES;
				CLANG_ENABLE_OBJC_WEAK = YES;
				CLANG_WARN_BLOCK_CAPTURE_AUTORELEASING = YES;
				CLANG_WARN_BOOL_CONVERSION = YES;
				CLANG_WARN_COMMA = YES;
				CLANG_WARN_CONSTANT_CONVERSION = YES;
				CLANG_WARN_DEPRECATED_OBJC_IMPLEMENTATIONS = YES;
				CLANG_WARN_DIRECT_OBJC_ISA_USAGE = YES_ERROR;
				CLANG_WARN_DOCUMENTATION_COMMENTS = YES;
				CLANG_WARN_EMPTY_BODY = YES;
				CLANG_WARN_ENUM_CONVERSION = YES;
				CLANG_WARN_INFINITE_RECURSION = YES;
				CLANG_WARN_INT_CONVERSION = YES;
				CLANG_WARN_NON_LITERAL_NULL_CONVERSION = YES;
				CLANG_WARN_OBJC_IMPLICIT_RETAIN_SELF = YES;
				CLANG_WARN_OBJC_LITERAL_CONVERSION = YES;
				CLANG_WARN_OBJC_ROOT_CLASS = YES_ERROR;
				CLANG_WARN_QUOTED_INCLUDE_IN_FRAMEWORK_HEADER = YES;
				CLANG_WARN_RANGE_LOOP_ANALYSIS = YES;
				CLANG_WARN_STRICT_PROTOTYPES = YES;
				CLANG_WARN_SUSPICIOUS_MOVE = YES;
				CLANG_WARN_UNGUARDED_AVAILABILITY = YES_AGGRESSIVE;
				CLANG_WARN_UNREACHABLE_CODE = YES;
				CLANG_WARN__DUPLICATE_METHOD_MATCH = YES;
				COPY_PHASE_STRIP = NO;
				DEBUG_INFORMATION_FORMAT = dwarf;
				ENABLE_STRICT_OBJC_MSGSEND = YES;
				ENABLE_TESTABILITY = YES;
				GCC_C_LANGUAGE_STANDARD = gnu11;
				GCC_DYNAMIC_NO_PIC = NO;
				GCC_NO_COMMON_BLOCKS = YES;
				GCC_OPTIMIZATION_LEVEL = 0;
				GCC_PREPROCESSOR_DEFINITIONS = (
					"DEBUG=1",
					"$(inherited)",
				);
				GCC_WARN_64_TO_32_BIT_CONVERSION = YES;
				GCC_WARN_ABOUT_RETURN_TYPE = YES_ERROR;
				GCC_WARN_UNDECLARED_SELECTOR = YES;
				GCC_WARN_UNINITIALIZED_AUTOS = YES_AGGRESSIVE;
				GCC_WARN_UNUSED_FUNCTION = YES;
				GCC_WARN_UNUSED_VARIABLE = YES;
				IPHONEOS_DEPLOYMENT_TARGET = 15.2;
				MTL_ENABLE_DEBUG_INFO = INCLUDE_SOURCE;
				MTL_FAST_MATH = YES;
				ONLY_ACTIVE_ARCH = YES;
				SDKROOT = iphoneos;
				SWIFT_ACTIVE_COMPILATION_CONDITIONS = DEBUG;
				SWIFT_OPTIMIZATION_LEVEL = "-Onone";
			};
			name = Debug;
		};
		A8D892E0278AFB300025C0D3 /* Release */ = {
			isa = XCBuildConfiguration;
			buildSettings = {
				ALWAYS_SEARCH_USER_PATHS = NO;
				CLANG_ANALYZER_NONNULL = YES;
				CLANG_ANALYZER_NUMBER_OBJECT_CONVERSION = YES_AGGRESSIVE;
				CLANG_CXX_LANGUAGE_STANDARD = "gnu++17";
				CLANG_CXX_LIBRARY = "libc++";
				CLANG_ENABLE_MODULES = YES;
				CLANG_ENABLE_OBJC_ARC = YES;
				CLANG_ENABLE_OBJC_WEAK = YES;
				CLANG_WARN_BLOCK_CAPTURE_AUTORELEASING = YES;
				CLANG_WARN_BOOL_CONVERSION = YES;
				CLANG_WARN_COMMA = YES;
				CLANG_WARN_CONSTANT_CONVERSION = YES;
				CLANG_WARN_DEPRECATED_OBJC_IMPLEMENTATIONS = YES;
				CLANG_WARN_DIRECT_OBJC_ISA_USAGE = YES_ERROR;
				CLANG_WARN_DOCUMENTATION_COMMENTS = YES;
				CLANG_WARN_EMPTY_BODY = YES;
				CLANG_WARN_ENUM_CONVERSION = YES;
				CLANG_WARN_INFINITE_RECURSION = YES;
				CLANG_WARN_INT_CONVERSION = YES;
				CLANG_WARN_NON_LITERAL_NULL_CONVERSION = YES;
				CLANG_WARN_OBJC_IMPLICIT_RETAIN_SELF = YES;
				CLANG_WARN_OBJC_LITERAL_CONVERSION = YES;
				CLANG_WARN_OBJC_ROOT_CLASS = YES_ERROR;
				CLANG_WARN_QUOTED_INCLUDE_IN_FRAMEWORK_HEADER = YES;
				CLANG_WARN_RANGE_LOOP_ANALYSIS = YES;
				CLANG_WARN_STRICT_PROTOTYPES = YES;
				CLANG_WARN_SUSPICIOUS_MOVE = YES;
				CLANG_WARN_UNGUARDED_AVAILABILITY = YES_AGGRESSIVE;
				CLANG_WARN_UNREACHABLE_CODE = YES;
				CLANG_WARN__DUPLICATE_METHOD_MATCH = YES;
				COPY_PHASE_STRIP = NO;
				DEBUG_INFORMATION_FORMAT = "dwarf-with-dsym";
				ENABLE_NS_ASSERTIONS = NO;
				ENABLE_STRICT_OBJC_MSGSEND = YES;
				GCC_C_LANGUAGE_STANDARD = gnu11;
				GCC_NO_COMMON_BLOCKS = YES;
				GCC_WARN_64_TO_32_BIT_CONVERSION = YES;
				GCC_WARN_ABOUT_RETURN_TYPE = YES_ERROR;
				GCC_WARN_UNDECLARED_SELECTOR = YES;
				GCC_WARN_UNINITIALIZED_AUTOS = YES_AGGRESSIVE;
				GCC_WARN_UNUSED_FUNCTION = YES;
				GCC_WARN_UNUSED_VARIABLE = YES;
				IPHONEOS_DEPLOYMENT_TARGET = 15.2;
				MTL_ENABLE_DEBUG_INFO = NO;
				MTL_FAST_MATH = YES;
				SDKROOT = iphoneos;
				SWIFT_COMPILATION_MODE = wholemodule;
				SWIFT_OPTIMIZATION_LEVEL = "-O";
				VALIDATE_PRODUCT = YES;
			};
			name = Release;
		};
		A8D892E2278AFB300025C0D3 /* Debug */ = {
			isa = XCBuildConfiguration;
			buildSettings = {
				ASSETCATALOG_COMPILER_APPICON_NAME = AppIcon;
				ASSETCATALOG_COMPILER_GLOBAL_ACCENT_COLOR_NAME = AccentColor;
				CODE_SIGN_STYLE = Automatic;
				CURRENT_PROJECT_VERSION = 1;
				DEVELOPMENT_ASSET_PATHS = "\"NetflixUdemy/Preview Content\"";
				DEVELOPMENT_TEAM = RHVGF69LGB;
				ENABLE_PREVIEWS = YES;
				GENERATE_INFOPLIST_FILE = YES;
				INFOPLIST_KEY_UIApplicationSceneManifest_Generation = YES;
				INFOPLIST_KEY_UIApplicationSupportsIndirectInputEvents = YES;
				INFOPLIST_KEY_UILaunchScreen_Generation = YES;
				INFOPLIST_KEY_UISupportedInterfaceOrientations_iPad = "UIInterfaceOrientationPortrait UIInterfaceOrientationPortraitUpsideDown UIInterfaceOrientationLandscapeLeft UIInterfaceOrientationLandscapeRight";
				INFOPLIST_KEY_UISupportedInterfaceOrientations_iPhone = "UIInterfaceOrientationPortrait UIInterfaceOrientationLandscapeLeft UIInterfaceOrientationLandscapeRight";
				IPHONEOS_DEPLOYMENT_TARGET = 15.2;
				LD_RUNPATH_SEARCH_PATHS = (
					"$(inherited)",
					"@executable_path/Frameworks",
				);
				MARKETING_VERSION = 1.0;
				PRODUCT_BUNDLE_IDENTIFIER = com.jelena.NetflixUdemy;
				PRODUCT_NAME = "$(TARGET_NAME)";
				SWIFT_EMIT_LOC_STRINGS = YES;
				SWIFT_VERSION = 5.0;
				TARGETED_DEVICE_FAMILY = "1,2";
			};
			name = Debug;
		};
		A8D892E3278AFB300025C0D3 /* Release */ = {
			isa = XCBuildConfiguration;
			buildSettings = {
				ASSETCATALOG_COMPILER_APPICON_NAME = AppIcon;
				ASSETCATALOG_COMPILER_GLOBAL_ACCENT_COLOR_NAME = AccentColor;
				CODE_SIGN_STYLE = Automatic;
				CURRENT_PROJECT_VERSION = 1;
				DEVELOPMENT_ASSET_PATHS = "\"NetflixUdemy/Preview Content\"";
				DEVELOPMENT_TEAM = RHVGF69LGB;
				ENABLE_PREVIEWS = YES;
				GENERATE_INFOPLIST_FILE = YES;
				INFOPLIST_KEY_UIApplicationSceneManifest_Generation = YES;
				INFOPLIST_KEY_UIApplicationSupportsIndirectInputEvents = YES;
				INFOPLIST_KEY_UILaunchScreen_Generation = YES;
				INFOPLIST_KEY_UISupportedInterfaceOrientations_iPad = "UIInterfaceOrientationPortrait UIInterfaceOrientationPortraitUpsideDown UIInterfaceOrientationLandscapeLeft UIInterfaceOrientationLandscapeRight";
				INFOPLIST_KEY_UISupportedInterfaceOrientations_iPhone = "UIInterfaceOrientationPortrait UIInterfaceOrientationLandscapeLeft UIInterfaceOrientationLandscapeRight";
				IPHONEOS_DEPLOYMENT_TARGET = 15.2;
				LD_RUNPATH_SEARCH_PATHS = (
					"$(inherited)",
					"@executable_path/Frameworks",
				);
				MARKETING_VERSION = 1.0;
				PRODUCT_BUNDLE_IDENTIFIER = com.jelena.NetflixUdemy;
				PRODUCT_NAME = "$(TARGET_NAME)";
				SWIFT_EMIT_LOC_STRINGS = YES;
				SWIFT_VERSION = 5.0;
				TARGETED_DEVICE_FAMILY = "1,2";
			};
			name = Release;
		};
/* End XCBuildConfiguration section */

/* Begin XCConfigurationList section */
		A8D892CE278AFB2E0025C0D3 /* Build configuration list for PBXProject "NetflixUdemy" */ = {
			isa = XCConfigurationList;
			buildConfigurations = (
				A8D892DF278AFB300025C0D3 /* Debug */,
				A8D892E0278AFB300025C0D3 /* Release */,
			);
			defaultConfigurationIsVisible = 0;
			defaultConfigurationName = Release;
		};
		A8D892E1278AFB300025C0D3 /* Build configuration list for PBXNativeTarget "NetflixUdemy" */ = {
			isa = XCConfigurationList;
			buildConfigurations = (
				A8D892E2278AFB300025C0D3 /* Debug */,
				A8D892E3278AFB300025C0D3 /* Release */,
			);
			defaultConfigurationIsVisible = 0;
			defaultConfigurationName = Release;
		};
/* End XCConfigurationList section */

/* Begin XCRemoteSwiftPackageReference section */
		A8D892E4278AFC230025C0D3 /* XCRemoteSwiftPackageReference "Kingfisher" */ = {
			isa = XCRemoteSwiftPackageReference;
			repositoryURL = "https://github.com/onevcat/Kingfisher.git";
			requirement = {
				kind = upToNextMajorVersion;
				minimumVersion = 7.0.0;
			};
		};
/* End XCRemoteSwiftPackageReference section */

/* Begin XCSwiftPackageProductDependency section */
		A8D892E5278AFC230025C0D3 /* Kingfisher */ = {
			isa = XCSwiftPackageProductDependency;
			package = A8D892E4278AFC230025C0D3 /* XCRemoteSwiftPackageReference "Kingfisher" */;
			productName = Kingfisher;
		};
/* End XCSwiftPackageProductDependency section */
	};
	rootObject = A8D892CB278AFB2E0025C0D3 /* Project object */;
}
